// !$*UTF8*$!
{
	archiveVersion = 1;
	classes = {
	};
	objectVersion = 50;
	objects = {

/* Begin PBXBuildFile section */
		694B23A52346678300DC565A /* CameraView.swift in Sources */ = {isa = PBXBuildFile; fileRef = 694B23A42346678300DC565A /* CameraView.swift */; };
		694B23A7234685CE00DC565A /* PreviewViewController.swift in Sources */ = {isa = PBXBuildFile; fileRef = 694B23A6234685CE00DC565A /* PreviewViewController.swift */; };
		694B23A9234685D400DC565A /* PreviewView.swift in Sources */ = {isa = PBXBuildFile; fileRef = 694B23A8234685D400DC565A /* PreviewView.swift */; };
		697ECAA32346613300F9954F /* AppDelegate.swift in Sources */ = {isa = PBXBuildFile; fileRef = 697ECAA22346613300F9954F /* AppDelegate.swift */; };
		697ECAA52346613300F9954F /* SceneDelegate.swift in Sources */ = {isa = PBXBuildFile; fileRef = 697ECAA42346613300F9954F /* SceneDelegate.swift */; };
		697ECAA92346613400F9954F /* Assets.xcassets in Resources */ = {isa = PBXBuildFile; fileRef = 697ECAA82346613400F9954F /* Assets.xcassets */; };
		697ECAAC2346613400F9954F /* Preview Assets.xcassets in Resources */ = {isa = PBXBuildFile; fileRef = 697ECAAB2346613400F9954F /* Preview Assets.xcassets */; };
		697ECAAF2346613400F9954F /* LaunchScreen.storyboard in Resources */ = {isa = PBXBuildFile; fileRef = 697ECAAD2346613400F9954F /* LaunchScreen.storyboard */; };
		697ECAB72346615000F9954F /* CameraViewController.swift in Sources */ = {isa = PBXBuildFile; fileRef = 697ECAB62346615000F9954F /* CameraViewController.swift */; };
		697ECAB92346618F00F9954F /* FrameExtractor.swift in Sources */ = {isa = PBXBuildFile; fileRef = 697ECAB82346618F00F9954F /* FrameExtractor.swift */; };
/* End PBXBuildFile section */

/* Begin PBXFileReference section */
		694B23A42346678300DC565A /* CameraView.swift */ = {isa = PBXFileReference; lastKnownFileType = sourcecode.swift; path = CameraView.swift; sourceTree = "<group>"; };
		694B23A6234685CE00DC565A /* PreviewViewController.swift */ = {isa = PBXFileReference; lastKnownFileType = sourcecode.swift; path = PreviewViewController.swift; sourceTree = "<group>"; };
		694B23A8234685D400DC565A /* PreviewView.swift */ = {isa = PBXFileReference; lastKnownFileType = sourcecode.swift; path = PreviewView.swift; sourceTree = "<group>"; };
		697ECA9F2346613300F9954F /* PixPik.app */ = {isa = PBXFileReference; explicitFileType = wrapper.application; includeInIndex = 0; path = PixPik.app; sourceTree = BUILT_PRODUCTS_DIR; };
		697ECAA22346613300F9954F /* AppDelegate.swift */ = {isa = PBXFileReference; lastKnownFileType = sourcecode.swift; path = AppDelegate.swift; sourceTree = "<group>"; };
		697ECAA42346613300F9954F /* SceneDelegate.swift */ = {isa = PBXFileReference; lastKnownFileType = sourcecode.swift; path = SceneDelegate.swift; sourceTree = "<group>"; };
		697ECAA82346613400F9954F /* Assets.xcassets */ = {isa = PBXFileReference; lastKnownFileType = folder.assetcatalog; path = Assets.xcassets; sourceTree = "<group>"; };
		697ECAAB2346613400F9954F /* Preview Assets.xcassets */ = {isa = PBXFileReference; lastKnownFileType = folder.assetcatalog; path = "Preview Assets.xcassets"; sourceTree = "<group>"; };
		697ECAAE2346613400F9954F /* Base */ = {isa = PBXFileReference; lastKnownFileType = file.storyboard; name = Base; path = Base.lproj/LaunchScreen.storyboard; sourceTree = "<group>"; };
		697ECAB02346613400F9954F /* Info.plist */ = {isa = PBXFileReference; lastKnownFileType = text.plist.xml; path = Info.plist; sourceTree = "<group>"; };
		697ECAB62346615000F9954F /* CameraViewController.swift */ = {isa = PBXFileReference; lastKnownFileType = sourcecode.swift; path = CameraViewController.swift; sourceTree = "<group>"; };
		697ECAB82346618F00F9954F /* FrameExtractor.swift */ = {isa = PBXFileReference; lastKnownFileType = sourcecode.swift; path = FrameExtractor.swift; sourceTree = "<group>"; };
/* End PBXFileReference section */

/* Begin PBXFrameworksBuildPhase section */
		697ECA9C2346613300F9954F /* Frameworks */ = {
			isa = PBXFrameworksBuildPhase;
			buildActionMask = 2147483647;
			files = (
			);
			runOnlyForDeploymentPostprocessing = 0;
		};
/* End PBXFrameworksBuildPhase section */

/* Begin PBXGroup section */
		697ECA962346613300F9954F = {
			isa = PBXGroup;
			children = (
				697ECAA12346613300F9954F /* PixPik */,
				697ECAA02346613300F9954F /* Products */,
			);
			sourceTree = "<group>";
		};
		697ECAA02346613300F9954F /* Products */ = {
			isa = PBXGroup;
			children = (
				697ECA9F2346613300F9954F /* PixPik.app */,
			);
			name = Products;
			sourceTree = "<group>";
		};
		697ECAA12346613300F9954F /* PixPik */ = {
			isa = PBXGroup;
			children = (
				697ECAA22346613300F9954F /* AppDelegate.swift */,
				697ECAA42346613300F9954F /* SceneDelegate.swift */,
				697ECAB62346615000F9954F /* CameraViewController.swift */,
				694B23A42346678300DC565A /* CameraView.swift */,
				694B23A6234685CE00DC565A /* PreviewViewController.swift */,
				694B23A8234685D400DC565A /* PreviewView.swift */,
				697ECAB82346618F00F9954F /* FrameExtractor.swift */,
				697ECAA82346613400F9954F /* Assets.xcassets */,
				697ECAAD2346613400F9954F /* LaunchScreen.storyboard */,
				697ECAB02346613400F9954F /* Info.plist */,
				697ECAAA2346613400F9954F /* Preview Content */,
			);
			path = PixPik;
			sourceTree = "<group>";
		};
		697ECAAA2346613400F9954F /* Preview Content */ = {
			isa = PBXGroup;
			children = (
				697ECAAB2346613400F9954F /* Preview Assets.xcassets */,
			);
			path = "Preview Content";
			sourceTree = "<group>";
		};
/* End PBXGroup section */

/* Begin PBXNativeTarget section */
		697ECA9E2346613300F9954F /* PixPik */ = {
			isa = PBXNativeTarget;
			buildConfigurationList = 697ECAB32346613400F9954F /* Build configuration list for PBXNativeTarget "PixPik" */;
			buildPhases = (
				697ECA9B2346613300F9954F /* Sources */,
				697ECA9C2346613300F9954F /* Frameworks */,
				697ECA9D2346613300F9954F /* Resources */,
			);
			buildRules = (
			);
			dependencies = (
			);
			name = PixPik;
			productName = PixPik;
			productReference = 697ECA9F2346613300F9954F /* PixPik.app */;
			productType = "com.apple.product-type.application";
		};
/* End PBXNativeTarget section */

/* Begin PBXProject section */
		697ECA972346613300F9954F /* Project object */ = {
			isa = PBXProject;
			attributes = {
				LastSwiftUpdateCheck = 1100;
				LastUpgradeCheck = 1100;
				ORGANIZATIONNAME = "Darius Vilcinskis";
				TargetAttributes = {
					697ECA9E2346613300F9954F = {
						CreatedOnToolsVersion = 11.0;
					};
				};
			};
			buildConfigurationList = 697ECA9A2346613300F9954F /* Build configuration list for PBXProject "PixPik" */;
			compatibilityVersion = "Xcode 9.3";
			developmentRegion = en;
			hasScannedForEncodings = 0;
			knownRegions = (
				en,
				Base,
			);
			mainGroup = 697ECA962346613300F9954F;
			productRefGroup = 697ECAA02346613300F9954F /* Products */;
			projectDirPath = "";
			projectRoot = "";
			targets = (
				697ECA9E2346613300F9954F /* PixPik */,
			);
		};
/* End PBXProject section */

/* Begin PBXResourcesBuildPhase section */
		697ECA9D2346613300F9954F /* Resources */ = {
			isa = PBXResourcesBuildPhase;
			buildActionMask = 2147483647;
			files = (
				697ECAAF2346613400F9954F /* LaunchScreen.storyboard in Resources */,
				697ECAAC2346613400F9954F /* Preview Assets.xcassets in Resources */,
				697ECAA92346613400F9954F /* Assets.xcassets in Resources */,
			);
			runOnlyForDeploymentPostprocessing = 0;
		};
/* End PBXResourcesBuildPhase section */

/* Begin PBXSourcesBuildPhase section */
		697ECA9B2346613300F9954F /* Sources */ = {
			isa = PBXSourcesBuildPhase;
			buildActionMask = 2147483647;
			files = (
				697ECAA32346613300F9954F /* AppDelegate.swift in Sources */,
				697ECAA52346613300F9954F /* SceneDelegate.swift in Sources */,
				694B23A9234685D400DC565A /* PreviewView.swift in Sources */,
				697ECAB92346618F00F9954F /* FrameExtractor.swift in Sources */,
				694B23A52346678300DC565A /* CameraView.swift in Sources */,
				697ECAB72346615000F9954F /* CameraViewController.swift in Sources */,
				694B23A7234685CE00DC565A /* PreviewViewController.swift in Sources */,
			);
			runOnlyForDeploymentPostprocessing = 0;
		};
/* End PBXSourcesBuildPhase section */

/* Begin PBXVariantGroup section */
		697ECAAD2346613400F9954F /* LaunchScreen.storyboard */ = {
			isa = PBXVariantGroup;
			children = (
				697ECAAE2346613400F9954F /* Base */,
			);
			name = LaunchScreen.storyboard;
			sourceTree = "<group>";
		};
/* End PBXVariantGroup section */

/* Begin XCBuildConfiguration section */
		697ECAB12346613400F9954F /* Debug */ = {
			isa = XCBuildConfiguration;
			buildSettings = {
				ALWAYS_SEARCH_USER_PATHS = NO;
				CLANG_ANALYZER_NONNULL = YES;
				CLANG_ANALYZER_NUMBER_OBJECT_CONVERSION = YES_AGGRESSIVE;
				CLANG_CXX_LANGUAGE_STANDARD = "gnu++14";
				CLANG_CXX_LIBRARY = "libc++";
				CLANG_ENABLE_MODULES = YES;
				CLANG_ENABLE_OBJC_ARC = YES;
				CLANG_ENABLE_OBJC_WEAK = YES;
				CLANG_WARN_BLOCK_CAPTURE_AUTORELEASING = YES;
				CLANG_WARN_BOOL_CONVERSION = YES;
				CLANG_WARN_COMMA = YES;
				CLANG_WARN_CONSTANT_CONVERSION = YES;
				CLANG_WARN_DEPRECATED_OBJC_IMPLEMENTATIONS = YES;
				CLANG_WARN_DIRECT_OBJC_ISA_USAGE = YES_ERROR;
				CLANG_WARN_DOCUMENTATION_COMMENTS = YES;
				CLANG_WARN_EMPTY_BODY = YES;
				CLANG_WARN_ENUM_CONVERSION = YES;
				CLANG_WARN_INFINITE_RECURSION = YES;
				CLANG_WARN_INT_CONVERSION = YES;
				CLANG_WARN_NON_LITERAL_NULL_CONVERSION = YES;
				CLANG_WARN_OBJC_IMPLICIT_RETAIN_SELF = YES;
				CLANG_WARN_OBJC_LITERAL_CONVERSION = YES;
				CLANG_WARN_OBJC_ROOT_CLASS = YES_ERROR;
				CLANG_WARN_RANGE_LOOP_ANALYSIS = YES;
				CLANG_WARN_STRICT_PROTOTYPES = YES;
				CLANG_WARN_SUSPICIOUS_MOVE = YES;
				CLANG_WARN_UNGUARDED_AVAILABILITY = YES_AGGRESSIVE;
				CLANG_WARN_UNREACHABLE_CODE = YES;
				CLANG_WARN__DUPLICATE_METHOD_MATCH = YES;
				COPY_PHASE_STRIP = NO;
				DEBUG_INFORMATION_FORMAT = dwarf;
				ENABLE_STRICT_OBJC_MSGSEND = YES;
				ENABLE_TESTABILITY = YES;
				GCC_C_LANGUAGE_STANDARD = gnu11;
				GCC_DYNAMIC_NO_PIC = NO;
				GCC_NO_COMMON_BLOCKS = YES;
				GCC_OPTIMIZATION_LEVEL = 0;
				GCC_PREPROCESSOR_DEFINITIONS = (
					"DEBUG=1",
					"$(inherited)",
				);
				GCC_WARN_64_TO_32_BIT_CONVERSION = YES;
				GCC_WARN_ABOUT_RETURN_TYPE = YES_ERROR;
				GCC_WARN_UNDECLARED_SELECTOR = YES;
				GCC_WARN_UNINITIALIZED_AUTOS = YES_AGGRESSIVE;
				GCC_WARN_UNUSED_FUNCTION = YES;
				GCC_WARN_UNUSED_VARIABLE = YES;
				IPHONEOS_DEPLOYMENT_TARGET = 13.0;
				MTL_ENABLE_DEBUG_INFO = INCLUDE_SOURCE;
				MTL_FAST_MATH = YES;
				ONLY_ACTIVE_ARCH = YES;
				SDKROOT = iphoneos;
				SWIFT_ACTIVE_COMPILATION_CONDITIONS = DEBUG;
				SWIFT_OPTIMIZATION_LEVEL = "-Onone";
			};
			name = Debug;
		};
		697ECAB22346613400F9954F /* Release */ = {
			isa = XCBuildConfiguration;
			buildSettings = {
				ALWAYS_SEARCH_USER_PATHS = NO;
				CLANG_ANALYZER_NONNULL = YES;
				CLANG_ANALYZER_NUMBER_OBJECT_CONVERSION = YES_AGGRESSIVE;
				CLANG_CXX_LANGUAGE_STANDARD = "gnu++14";
				CLANG_CXX_LIBRARY = "libc++";
				CLANG_ENABLE_MODULES = YES;
				CLANG_ENABLE_OBJC_ARC = YES;
				CLANG_ENABLE_OBJC_WEAK = YES;
				CLANG_WARN_BLOCK_CAPTURE_AUTORELEASING = YES;
				CLANG_WARN_BOOL_CONVERSION = YES;
				CLANG_WARN_COMMA = YES;
				CLANG_WARN_CONSTANT_CONVERSION = YES;
				CLANG_WARN_DEPRECATED_OBJC_IMPLEMENTATIONS = YES;
				CLANG_WARN_DIRECT_OBJC_ISA_USAGE = YES_ERROR;
				CLANG_WARN_DOCUMENTATION_COMMENTS = YES;
				CLANG_WARN_EMPTY_BODY = YES;
				CLANG_WARN_ENUM_CONVERSION = YES;
				CLANG_WARN_INFINITE_RECURSION = YES;
				CLANG_WARN_INT_CONVERSION = YES;
				CLANG_WARN_NON_LITERAL_NULL_CONVERSION = YES;
				CLANG_WARN_OBJC_IMPLICIT_RETAIN_SELF = YES;
				CLANG_WARN_OBJC_LITERAL_CONVERSION = YES;
				CLANG_WARN_OBJC_ROOT_CLASS = YES_ERROR;
				CLANG_WARN_RANGE_LOOP_ANALYSIS = YES;
				CLANG_WARN_STRICT_PROTOTYPES = YES;
				CLANG_WARN_SUSPICIOUS_MOVE = YES;
				CLANG_WARN_UNGUARDED_AVAILABILITY = YES_AGGRESSIVE;
				CLANG_WARN_UNREACHABLE_CODE = YES;
				CLANG_WARN__DUPLICATE_METHOD_MATCH = YES;
				COPY_PHASE_STRIP = NO;
				DEBUG_INFORMATION_FORMAT = "dwarf-with-dsym";
				ENABLE_NS_ASSERTIONS = NO;
				ENABLE_STRICT_OBJC_MSGSEND = YES;
				GCC_C_LANGUAGE_STANDARD = gnu11;
				GCC_NO_COMMON_BLOCKS = YES;
				GCC_WARN_64_TO_32_BIT_CONVERSION = YES;
				GCC_WARN_ABOUT_RETURN_TYPE = YES_ERROR;
				GCC_WARN_UNDECLARED_SELECTOR = YES;
				GCC_WARN_UNINITIALIZED_AUTOS = YES_AGGRESSIVE;
				GCC_WARN_UNUSED_FUNCTION = YES;
				GCC_WARN_UNUSED_VARIABLE = YES;
				IPHONEOS_DEPLOYMENT_TARGET = 13.0;
				MTL_ENABLE_DEBUG_INFO = NO;
				MTL_FAST_MATH = YES;
				SDKROOT = iphoneos;
				SWIFT_COMPILATION_MODE = wholemodule;
				SWIFT_OPTIMIZATION_LEVEL = "-O";
				VALIDATE_PRODUCT = YES;
			};
			name = Release;
		};
		697ECAB42346613400F9954F /* Debug */ = {
			isa = XCBuildConfiguration;
			buildSettings = {
				ASSETCATALOG_COMPILER_APPICON_NAME = AppIcon;
				CODE_SIGN_STYLE = Automatic;
				DEVELOPMENT_ASSET_PATHS = "\"PixPik/Preview Content\"";
				DEVELOPMENT_TEAM = M5PNX43K4J;
				ENABLE_PREVIEWS = YES;
				INFOPLIST_FILE = PixPik/Info.plist;
				LD_RUNPATH_SEARCH_PATHS = (
					"$(inherited)",
					"@executable_path/Frameworks",
				);
				PRODUCT_BUNDLE_IDENTIFIER = telecast.PixPik;
				PRODUCT_NAME = "$(TARGET_NAME)";
				SWIFT_VERSION = 5.0;
				TARGETED_DEVICE_FAMILY = "1,2";
			};
			name = Debug;
		};
		697ECAB52346613400F9954F /* Release */ = {
			isa = XCBuildConfiguration;
			buildSettings = {
				ASSETCATALOG_COMPILER_APPICON_NAME = AppIcon;
				CODE_SIGN_STYLE = Automatic;
				DEVELOPMENT_ASSET_PATHS = "\"PixPik/Preview Content\"";
				DEVELOPMENT_TEAM = M5PNX43K4J;
				ENABLE_PREVIEWS = YES;
				INFOPLIST_FILE = PixPik/Info.plist;
				LD_RUNPATH_SEARCH_PATHS = (
					"$(inherited)",
					"@executable_path/Frameworks",
				);
				PRODUCT_BUNDLE_IDENTIFIER = telecast.PixPik;
				PRODUCT_NAME = "$(TARGET_NAME)";
				SWIFT_VERSION = 5.0;
				TARGETED_DEVICE_FAMILY = "1,2";
			};
			name = Release;
		};
/* End XCBuildConfiguration section */

/* Begin XCConfigurationList section */
		697ECA9A2346613300F9954F /* Build configuration list for PBXProject "PixPik" */ = {
			isa = XCConfigurationList;
			buildConfigurations = (
				697ECAB12346613400F9954F /* Debug */,
				697ECAB22346613400F9954F /* Release */,
			);
			defaultConfigurationIsVisible = 0;
			defaultConfigurationName = Release;
		};
		697ECAB32346613400F9954F /* Build configuration list for PBXNativeTarget "PixPik" */ = {
			isa = XCConfigurationList;
			buildConfigurations = (
				697ECAB42346613400F9954F /* Debug */,
				697ECAB52346613400F9954F /* Release */,
			);
			defaultConfigurationIsVisible = 0;
			defaultConfigurationName = Release;
		};
/* End XCConfigurationList section */
	};
	rootObject = 697ECA972346613300F9954F /* Project object */;
}
